
Microsoft Visual Studio Solution File, Format Version 12.00
# Visual Studio Version 17
VisualStudioVersion = 17.10.35122.118
MinimumVisualStudioVersion = 10.0.40219.1
Project("{9A19103F-16F7-4668-BE54-9A1E7A4F7556}") = "ComapaniesHouseGateway", "ComapaniesHouseGateway\ComapaniesHouseGateway.csproj", "{C48E955E-2775-4AF7-A066-E56562745CE1}"
EndProject
Project("{2150E333-8FDC-42A3-9474-1A3956D46DE8}") = "Solution Items", "Solution Items", "{843BFF98-0AB5-4E0A-9666-9B812D8CC958}"
	ProjectSection(SolutionItems) = preProject
		README.md = README.md
	EndProjectSection
EndProject
Global
	GlobalSection(SolutionConfigurationPlatforms) = preSolution
		Debug|Any CPU = Debug|Any CPU
		Release|Any CPU = Release|Any CPU
	EndGlobalSection
	GlobalSection(ProjectConfigurationPlatforms) = postSolution
		{C48E955E-2775-4AF7-A066-E56562745CE1}.Debug|Any CPU.ActiveCfg = Debug|Any CPU
		{C48E955E-2775-4AF7-A066-E56562745CE1}.Debug|Any CPU.Build.0 = Debug|Any CPU
		{C48E955E-2775-4AF7-A066-E56562745CE1}.Release|Any CPU.ActiveCfg = Release|Any CPU
		{C48E955E-2775-4AF7-A066-E56562745CE1}.Release|Any CPU.Build.0 = Release|Any CPU
	EndGlobalSection
	GlobalSection(SolutionProperties) = preSolution
		HideSolutionNode = FALSE
	EndGlobalSection
	GlobalSection(ExtensibilityGlobals) = postSolution
		SolutionGuid = {AC9D3757-9971-41F1-AC32-684B701D613D}
	EndGlobalSection
EndGlobal
